
Microsoft Visual Studio Solution File, Format Version 12.00
# Visual Studio Version 16
VisualStudioVersion = 16.0.31424.327
MinimumVisualStudioVersion = 10.0.40219.1
Project("{FAE04EC0-301F-11D3-BF4B-00C04F79EFBC}") = "book_web_api", "book_web_api.csproj", "{70C48A65-6D45-4085-976E-C9A904A117D6}"
EndProject
Global
	GlobalSection(SolutionConfigurationPlatforms) = preSolution
		Debug|Any CPU = Debug|Any CPU
		Release|Any CPU = Release|Any CPU
	EndGlobalSection
	GlobalSection(ProjectConfigurationPlatforms) = postSolution
		{70C48A65-6D45-4085-976E-C9A904A117D6}.Debug|Any CPU.ActiveCfg = Debug|Any CPU
		{70C48A65-6D45-4085-976E-C9A904A117D6}.Debug|Any CPU.Build.0 = Debug|Any CPU
		{70C48A65-6D45-4085-976E-C9A904A117D6}.Release|Any CPU.ActiveCfg = Release|Any CPU
		{70C48A65-6D45-4085-976E-C9A904A117D6}.Release|Any CPU.Build.0 = Release|Any CPU
	EndGlobalSection
	GlobalSection(SolutionProperties) = preSolution
		HideSolutionNode = FALSE
	EndGlobalSection
	GlobalSection(ExtensibilityGlobals) = postSolution
		SolutionGuid = {08DD2294-C8A3-4A0B-B936-E9B5AAA28135}
	EndGlobalSection
EndGlobal
